// !$*UTF8*$!
{
	archiveVersion = 1;
	classes = {
	};
	objectVersion = 56;
	objects = {

/* Begin PBXBuildFile section */
		0E0E896F2B6A8E6600FF6304 /* RecipeData.swift in Sources */ = {isa = PBXBuildFile; fileRef = 0E0E896E2B6A8E6600FF6304 /* RecipeData.swift */; };
		0E0E89712B6A932800FF6304 /* RecipeDetailView.swift in Sources */ = {isa = PBXBuildFile; fileRef = 0E0E89702B6A932800FF6304 /* RecipeDetailView.swift */; };
		0E0E89732B6AAE7000FF6304 /* AppColor.swift in Sources */ = {isa = PBXBuildFile; fileRef = 0E0E89722B6AAE7000FF6304 /* AppColor.swift */; };
		0E0E898F2B6BF76F00FF6304 /* RecipeCategoryGridView.swift in Sources */ = {isa = PBXBuildFile; fileRef = 0E0E898E2B6BF76F00FF6304 /* RecipeCategoryGridView.swift */; };
		0E0E89AD2B6D3F0400FF6304 /* ModifyRecipeView.swift in Sources */ = {isa = PBXBuildFile; fileRef = 0E0E89AC2B6D3F0400FF6304 /* ModifyRecipeView.swift */; };
		0E157D602B85125300010E7E /* ModifyMainInformationView.swift in Sources */ = {isa = PBXBuildFile; fileRef = 0E157D5F2B85125300010E7E /* ModifyMainInformationView.swift */; };
		0E157D622B851F9100010E7E /* ModifyIngredientView.swift in Sources */ = {isa = PBXBuildFile; fileRef = 0E157D612B851F9100010E7E /* ModifyIngredientView.swift */; };
		0E157D642B852B5E00010E7E /* ModifyComponentsView.swift in Sources */ = {isa = PBXBuildFile; fileRef = 0E157D632B852B5E00010E7E /* ModifyComponentsView.swift */; };
		0E157D662B8F774100010E7E /* ModifyDirectionView.swift in Sources */ = {isa = PBXBuildFile; fileRef = 0E157D652B8F774100010E7E /* ModifyDirectionView.swift */; };
		0EB7D67F2B690D5800E98911 /* CookcademyApp.swift in Sources */ = {isa = PBXBuildFile; fileRef = 0EB7D67E2B690D5800E98911 /* CookcademyApp.swift */; };
		0EB7D6812B690D5800E98911 /* RecipesListView.swift in Sources */ = {isa = PBXBuildFile; fileRef = 0EB7D6802B690D5800E98911 /* RecipesListView.swift */; };
		0EB7D6832B690D5A00E98911 /* Assets.xcassets in Resources */ = {isa = PBXBuildFile; fileRef = 0EB7D6822B690D5A00E98911 /* Assets.xcassets */; };
		0EB7D6862B690D5A00E98911 /* Preview Assets.xcassets in Resources */ = {isa = PBXBuildFile; fileRef = 0EB7D6852B690D5A00E98911 /* Preview Assets.xcassets */; };
		0EB7D68D2B690DFE00E98911 /* Recipe.swift in Sources */ = {isa = PBXBuildFile; fileRef = 0EB7D68C2B690DFE00E98911 /* Recipe.swift */; };
/* End PBXBuildFile section */

/* Begin PBXFileReference section */
		0E0E896E2B6A8E6600FF6304 /* RecipeData.swift */ = {isa = PBXFileReference; lastKnownFileType = sourcecode.swift; path = RecipeData.swift; sourceTree = "<group>"; };
		0E0E89702B6A932800FF6304 /* RecipeDetailView.swift */ = {isa = PBXFileReference; lastKnownFileType = sourcecode.swift; path = RecipeDetailView.swift; sourceTree = "<group>"; };
		0E0E89722B6AAE7000FF6304 /* AppColor.swift */ = {isa = PBXFileReference; lastKnownFileType = sourcecode.swift; path = AppColor.swift; sourceTree = "<group>"; };
		0E0E898E2B6BF76F00FF6304 /* RecipeCategoryGridView.swift */ = {isa = PBXFileReference; lastKnownFileType = sourcecode.swift; path = RecipeCategoryGridView.swift; sourceTree = "<group>"; };
		0E0E89AC2B6D3F0400FF6304 /* ModifyRecipeView.swift */ = {isa = PBXFileReference; lastKnownFileType = sourcecode.swift; path = ModifyRecipeView.swift; sourceTree = "<group>"; };
		0E157D5F2B85125300010E7E /* ModifyMainInformationView.swift */ = {isa = PBXFileReference; lastKnownFileType = sourcecode.swift; path = ModifyMainInformationView.swift; sourceTree = "<group>"; };
		0E157D612B851F9100010E7E /* ModifyIngredientView.swift */ = {isa = PBXFileReference; lastKnownFileType = sourcecode.swift; path = ModifyIngredientView.swift; sourceTree = "<group>"; };
		0E157D632B852B5E00010E7E /* ModifyComponentsView.swift */ = {isa = PBXFileReference; lastKnownFileType = sourcecode.swift; path = ModifyComponentsView.swift; sourceTree = "<group>"; };
		0E157D652B8F774100010E7E /* ModifyDirectionView.swift */ = {isa = PBXFileReference; lastKnownFileType = sourcecode.swift; path = ModifyDirectionView.swift; sourceTree = "<group>"; };
		0EB7D67B2B690D5800E98911 /* Cookcademy.app */ = {isa = PBXFileReference; explicitFileType = wrapper.application; includeInIndex = 0; path = Cookcademy.app; sourceTree = BUILT_PRODUCTS_DIR; };
		0EB7D67E2B690D5800E98911 /* CookcademyApp.swift */ = {isa = PBXFileReference; lastKnownFileType = sourcecode.swift; path = CookcademyApp.swift; sourceTree = "<group>"; };
		0EB7D6802B690D5800E98911 /* RecipesListView.swift */ = {isa = PBXFileReference; lastKnownFileType = sourcecode.swift; path = RecipesListView.swift; sourceTree = "<group>"; };
		0EB7D6822B690D5A00E98911 /* Assets.xcassets */ = {isa = PBXFileReference; lastKnownFileType = folder.assetcatalog; path = Assets.xcassets; sourceTree = "<group>"; };
		0EB7D6852B690D5A00E98911 /* Preview Assets.xcassets */ = {isa = PBXFileReference; lastKnownFileType = folder.assetcatalog; path = "Preview Assets.xcassets"; sourceTree = "<group>"; };
		0EB7D68C2B690DFE00E98911 /* Recipe.swift */ = {isa = PBXFileReference; lastKnownFileType = sourcecode.swift; path = Recipe.swift; sourceTree = "<group>"; };
/* End PBXFileReference section */

/* Begin PBXFrameworksBuildPhase section */
		0EB7D6782B690D5800E98911 /* Frameworks */ = {
			isa = PBXFrameworksBuildPhase;
			buildActionMask = 2147483647;
			files = (
			);
			runOnlyForDeploymentPostprocessing = 0;
		};
/* End PBXFrameworksBuildPhase section */

/* Begin PBXGroup section */
		0E0E896B2B6A8D1800FF6304 /* Views */ = {
			isa = PBXGroup;
			children = (
				0E0E89AB2B6D3E9B00FF6304 /* ModifyRecipes */,
				0E0E89AA2B6D3E7200FF6304 /* ExploreRecipes */,
			);
			path = Views;
			sourceTree = "<group>";
		};
		0E0E896C2B6A8D1F00FF6304 /* ViewModels */ = {
			isa = PBXGroup;
			children = (
				0E0E896E2B6A8E6600FF6304 /* RecipeData.swift */,
				0E0E89722B6AAE7000FF6304 /* AppColor.swift */,
			);
			path = ViewModels;
			sourceTree = "<group>";
		};
		0E0E896D2B6A8D2800FF6304 /* Models */ = {
			isa = PBXGroup;
			children = (
				0EB7D68C2B690DFE00E98911 /* Recipe.swift */,
			);
			path = Models;
			sourceTree = "<group>";
		};
		0E0E89AA2B6D3E7200FF6304 /* ExploreRecipes */ = {
			isa = PBXGroup;
			children = (
				0EB7D6802B690D5800E98911 /* RecipesListView.swift */,
				0E0E89702B6A932800FF6304 /* RecipeDetailView.swift */,
				0E0E898E2B6BF76F00FF6304 /* RecipeCategoryGridView.swift */,
			);
			path = ExploreRecipes;
			sourceTree = "<group>";
		};
		0E0E89AB2B6D3E9B00FF6304 /* ModifyRecipes */ = {
			isa = PBXGroup;
			children = (
				0E0E89AC2B6D3F0400FF6304 /* ModifyRecipeView.swift */,
				0E157D5F2B85125300010E7E /* ModifyMainInformationView.swift */,
				0E157D612B851F9100010E7E /* ModifyIngredientView.swift */,
				0E157D632B852B5E00010E7E /* ModifyComponentsView.swift */,
				0E157D652B8F774100010E7E /* ModifyDirectionView.swift */,
			);
			path = ModifyRecipes;
			sourceTree = "<group>";
		};
		0EB7D6722B690D5800E98911 = {
			isa = PBXGroup;
			children = (
				0EB7D67D2B690D5800E98911 /* Cookcademy */,
				0EB7D67C2B690D5800E98911 /* Products */,
			);
			sourceTree = "<group>";
		};
		0EB7D67C2B690D5800E98911 /* Products */ = {
			isa = PBXGroup;
			children = (
				0EB7D67B2B690D5800E98911 /* Cookcademy.app */,
			);
			name = Products;
			sourceTree = "<group>";
		};
		0EB7D67D2B690D5800E98911 /* Cookcademy */ = {
			isa = PBXGroup;
			children = (
				0E0E896C2B6A8D1F00FF6304 /* ViewModels */,
				0E0E896B2B6A8D1800FF6304 /* Views */,
				0E0E896D2B6A8D2800FF6304 /* Models */,
				0EB7D67E2B690D5800E98911 /* CookcademyApp.swift */,
				0EB7D6822B690D5A00E98911 /* Assets.xcassets */,
				0EB7D6842B690D5A00E98911 /* Preview Content */,
			);
			path = Cookcademy;
			sourceTree = "<group>";
		};
		0EB7D6842B690D5A00E98911 /* Preview Content */ = {
			isa = PBXGroup;
			children = (
				0EB7D6852B690D5A00E98911 /* Preview Assets.xcassets */,
			);
			path = "Preview Content";
			sourceTree = "<group>";
		};
/* End PBXGroup section */

/* Begin PBXNativeTarget section */
		0EB7D67A2B690D5800E98911 /* Cookcademy */ = {
			isa = PBXNativeTarget;
			buildConfigurationList = 0EB7D6892B690D5A00E98911 /* Build configuration list for PBXNativeTarget "Cookcademy" */;
			buildPhases = (
				0EB7D6772B690D5800E98911 /* Sources */,
				0EB7D6782B690D5800E98911 /* Frameworks */,
				0EB7D6792B690D5800E98911 /* Resources */,
			);
			buildRules = (
			);
			dependencies = (
			);
			name = Cookcademy;
			productName = Cookcademy;
			productReference = 0EB7D67B2B690D5800E98911 /* Cookcademy.app */;
			productType = "com.apple.product-type.application";
		};
/* End PBXNativeTarget section */

/* Begin PBXProject section */
		0EB7D6732B690D5800E98911 /* Project object */ = {
			isa = PBXProject;
			attributes = {
				BuildIndependentTargetsInParallel = 1;
				LastSwiftUpdateCheck = 1520;
				LastUpgradeCheck = 1520;
				TargetAttributes = {
					0EB7D67A2B690D5800E98911 = {
						CreatedOnToolsVersion = 15.2;
					};
				};
			};
			buildConfigurationList = 0EB7D6762B690D5800E98911 /* Build configuration list for PBXProject "Cookcademy" */;
			compatibilityVersion = "Xcode 14.0";
			developmentRegion = en;
			hasScannedForEncodings = 0;
			knownRegions = (
				en,
				Base,
			);
			mainGroup = 0EB7D6722B690D5800E98911;
			productRefGroup = 0EB7D67C2B690D5800E98911 /* Products */;
			projectDirPath = "";
			projectRoot = "";
			targets = (
				0EB7D67A2B690D5800E98911 /* Cookcademy */,
			);
		};
/* End PBXProject section */

/* Begin PBXResourcesBuildPhase section */
		0EB7D6792B690D5800E98911 /* Resources */ = {
			isa = PBXResourcesBuildPhase;
			buildActionMask = 2147483647;
			files = (
				0EB7D6862B690D5A00E98911 /* Preview Assets.xcassets in Resources */,
				0EB7D6832B690D5A00E98911 /* Assets.xcassets in Resources */,
			);
			runOnlyForDeploymentPostprocessing = 0;
		};
/* End PBXResourcesBuildPhase section */

/* Begin PBXSourcesBuildPhase section */
		0EB7D6772B690D5800E98911 /* Sources */ = {
			isa = PBXSourcesBuildPhase;
			buildActionMask = 2147483647;
			files = (
				0EB7D68D2B690DFE00E98911 /* Recipe.swift in Sources */,
				0E0E89712B6A932800FF6304 /* RecipeDetailView.swift in Sources */,
				0E0E898F2B6BF76F00FF6304 /* RecipeCategoryGridView.swift in Sources */,
				0E0E896F2B6A8E6600FF6304 /* RecipeData.swift in Sources */,
				0E157D662B8F774100010E7E /* ModifyDirectionView.swift in Sources */,
				0E0E89AD2B6D3F0400FF6304 /* ModifyRecipeView.swift in Sources */,
				0E157D642B852B5E00010E7E /* ModifyComponentsView.swift in Sources */,
				0EB7D6812B690D5800E98911 /* RecipesListView.swift in Sources */,
				0EB7D67F2B690D5800E98911 /* CookcademyApp.swift in Sources */,
				0E157D602B85125300010E7E /* ModifyMainInformationView.swift in Sources */,
				0E0E89732B6AAE7000FF6304 /* AppColor.swift in Sources */,
				0E157D622B851F9100010E7E /* ModifyIngredientView.swift in Sources */,
			);
			runOnlyForDeploymentPostprocessing = 0;
		};
/* End PBXSourcesBuildPhase section */

/* Begin XCBuildConfiguration section */
		0EB7D6872B690D5A00E98911 /* Debug */ = {
			isa = XCBuildConfiguration;
			buildSettings = {
				ALWAYS_SEARCH_USER_PATHS = NO;
				ASSETCATALOG_COMPILER_GENERATE_SWIFT_ASSET_SYMBOL_EXTENSIONS = YES;
				CLANG_ANALYZER_NONNULL = YES;
				CLANG_ANALYZER_NUMBER_OBJECT_CONVERSION = YES_AGGRESSIVE;
				CLANG_CXX_LANGUAGE_STANDARD = "gnu++20";
				CLANG_ENABLE_MODULES = YES;
				CLANG_ENABLE_OBJC_ARC = YES;
				CLANG_ENABLE_OBJC_WEAK = YES;
				CLANG_WARN_BLOCK_CAPTURE_AUTORELEASING = YES;
				CLANG_WARN_BOOL_CONVERSION = YES;
				CLANG_WARN_COMMA = YES;
				CLANG_WARN_CONSTANT_CONVERSION = YES;
				CLANG_WARN_DEPRECATED_OBJC_IMPLEMENTATIONS = YES;
				CLANG_WARN_DIRECT_OBJC_ISA_USAGE = YES_ERROR;
				CLANG_WARN_DOCUMENTATION_COMMENTS = YES;
				CLANG_WARN_EMPTY_BODY = YES;
				CLANG_WARN_ENUM_CONVERSION = YES;
				CLANG_WARN_INFINITE_RECURSION = YES;
				CLANG_WARN_INT_CONVERSION = YES;
				CLANG_WARN_NON_LITERAL_NULL_CONVERSION = YES;
				CLANG_WARN_OBJC_IMPLICIT_RETAIN_SELF = YES;
				CLANG_WARN_OBJC_LITERAL_CONVERSION = YES;
				CLANG_WARN_OBJC_ROOT_CLASS = YES_ERROR;
				CLANG_WARN_QUOTED_INCLUDE_IN_FRAMEWORK_HEADER = YES;
				CLANG_WARN_RANGE_LOOP_ANALYSIS = YES;
				CLANG_WARN_STRICT_PROTOTYPES = YES;
				CLANG_WARN_SUSPICIOUS_MOVE = YES;
				CLANG_WARN_UNGUARDED_AVAILABILITY = YES_AGGRESSIVE;
				CLANG_WARN_UNREACHABLE_CODE = YES;
				CLANG_WARN__DUPLICATE_METHOD_MATCH = YES;
				COPY_PHASE_STRIP = NO;
				DEBUG_INFORMATION_FORMAT = dwarf;
				ENABLE_STRICT_OBJC_MSGSEND = YES;
				ENABLE_TESTABILITY = YES;
				ENABLE_USER_SCRIPT_SANDBOXING = YES;
				GCC_C_LANGUAGE_STANDARD = gnu17;
				GCC_DYNAMIC_NO_PIC = NO;
				GCC_NO_COMMON_BLOCKS = YES;
				GCC_OPTIMIZATION_LEVEL = 0;
				GCC_PREPROCESSOR_DEFINITIONS = (
					"DEBUG=1",
					"$(inherited)",
				);
				GCC_WARN_64_TO_32_BIT_CONVERSION = YES;
				GCC_WARN_ABOUT_RETURN_TYPE = YES_ERROR;
				GCC_WARN_UNDECLARED_SELECTOR = YES;
				GCC_WARN_UNINITIALIZED_AUTOS = YES_AGGRESSIVE;
				GCC_WARN_UNUSED_FUNCTION = YES;
				GCC_WARN_UNUSED_VARIABLE = YES;
				IPHONEOS_DEPLOYMENT_TARGET = 17.2;
				LOCALIZATION_PREFERS_STRING_CATALOGS = YES;
				MTL_ENABLE_DEBUG_INFO = INCLUDE_SOURCE;
				MTL_FAST_MATH = YES;
				ONLY_ACTIVE_ARCH = YES;
				SDKROOT = iphoneos;
				SWIFT_ACTIVE_COMPILATION_CONDITIONS = "DEBUG $(inherited)";
				SWIFT_OPTIMIZATION_LEVEL = "-Onone";
			};
			name = Debug;
		};
		0EB7D6882B690D5A00E98911 /* Release */ = {
			isa = XCBuildConfiguration;
			buildSettings = {
				ALWAYS_SEARCH_USER_PATHS = NO;
				ASSETCATALOG_COMPILER_GENERATE_SWIFT_ASSET_SYMBOL_EXTENSIONS = YES;
				CLANG_ANALYZER_NONNULL = YES;
				CLANG_ANALYZER_NUMBER_OBJECT_CONVERSION = YES_AGGRESSIVE;
				CLANG_CXX_LANGUAGE_STANDARD = "gnu++20";
				CLANG_ENABLE_MODULES = YES;
				CLANG_ENABLE_OBJC_ARC = YES;
				CLANG_ENABLE_OBJC_WEAK = YES;
				CLANG_WARN_BLOCK_CAPTURE_AUTORELEASING = YES;
				CLANG_WARN_BOOL_CONVERSION = YES;
				CLANG_WARN_COMMA = YES;
				CLANG_WARN_CONSTANT_CONVERSION = YES;
				CLANG_WARN_DEPRECATED_OBJC_IMPLEMENTATIONS = YES;
				CLANG_WARN_DIRECT_OBJC_ISA_USAGE = YES_ERROR;
				CLANG_WARN_DOCUMENTATION_COMMENTS = YES;
				CLANG_WARN_EMPTY_BODY = YES;
				CLANG_WARN_ENUM_CONVERSION = YES;
				CLANG_WARN_INFINITE_RECURSION = YES;
				CLANG_WARN_INT_CONVERSION = YES;
				CLANG_WARN_NON_LITERAL_NULL_CONVERSION = YES;
				CLANG_WARN_OBJC_IMPLICIT_RETAIN_SELF = YES;
				CLANG_WARN_OBJC_LITERAL_CONVERSION = YES;
				CLANG_WARN_OBJC_ROOT_CLASS = YES_ERROR;
				CLANG_WARN_QUOTED_INCLUDE_IN_FRAMEWORK_HEADER = YES;
				CLANG_WARN_RANGE_LOOP_ANALYSIS = YES;
				CLANG_WARN_STRICT_PROTOTYPES = YES;
				CLANG_WARN_SUSPICIOUS_MOVE = YES;
				CLANG_WARN_UNGUARDED_AVAILABILITY = YES_AGGRESSIVE;
				CLANG_WARN_UNREACHABLE_CODE = YES;
				CLANG_WARN__DUPLICATE_METHOD_MATCH = YES;
				COPY_PHASE_STRIP = NO;
				DEBUG_INFORMATION_FORMAT = "dwarf-with-dsym";
				ENABLE_NS_ASSERTIONS = NO;
				ENABLE_STRICT_OBJC_MSGSEND = YES;
				ENABLE_USER_SCRIPT_SANDBOXING = YES;
				GCC_C_LANGUAGE_STANDARD = gnu17;
				GCC_NO_COMMON_BLOCKS = YES;
				GCC_WARN_64_TO_32_BIT_CONVERSION = YES;
				GCC_WARN_ABOUT_RETURN_TYPE = YES_ERROR;
				GCC_WARN_UNDECLARED_SELECTOR = YES;
				GCC_WARN_UNINITIALIZED_AUTOS = YES_AGGRESSIVE;
				GCC_WARN_UNUSED_FUNCTION = YES;
				GCC_WARN_UNUSED_VARIABLE = YES;
				IPHONEOS_DEPLOYMENT_TARGET = 17.2;
				LOCALIZATION_PREFERS_STRING_CATALOGS = YES;
				MTL_ENABLE_DEBUG_INFO = NO;
				MTL_FAST_MATH = YES;
				SDKROOT = iphoneos;
				SWIFT_COMPILATION_MODE = wholemodule;
				VALIDATE_PRODUCT = YES;
			};
			name = Release;
		};
		0EB7D68A2B690D5A00E98911 /* Debug */ = {
			isa = XCBuildConfiguration;
			buildSettings = {
				ASSETCATALOG_COMPILER_APPICON_NAME = AppIcon;
				ASSETCATALOG_COMPILER_GLOBAL_ACCENT_COLOR_NAME = AccentColor;
				CODE_SIGN_STYLE = Automatic;
				CURRENT_PROJECT_VERSION = 1;
				DEVELOPMENT_ASSET_PATHS = "\"Cookcademy/Preview Content\"";
				DEVELOPMENT_TEAM = FQ9KN85Q5F;
				ENABLE_PREVIEWS = YES;
				GENERATE_INFOPLIST_FILE = YES;
				INFOPLIST_KEY_UIApplicationSceneManifest_Generation = YES;
				INFOPLIST_KEY_UIApplicationSupportsIndirectInputEvents = YES;
				INFOPLIST_KEY_UILaunchScreen_Generation = YES;
				INFOPLIST_KEY_UISupportedInterfaceOrientations_iPad = "UIInterfaceOrientationPortrait UIInterfaceOrientationPortraitUpsideDown UIInterfaceOrientationLandscapeLeft UIInterfaceOrientationLandscapeRight";
				INFOPLIST_KEY_UISupportedInterfaceOrientations_iPhone = "UIInterfaceOrientationPortrait UIInterfaceOrientationLandscapeLeft UIInterfaceOrientationLandscapeRight";
				IPHONEOS_DEPLOYMENT_TARGET = 16.0;
				LD_RUNPATH_SEARCH_PATHS = (
					"$(inherited)",
					"@executable_path/Frameworks",
				);
				MARKETING_VERSION = 1.0;
				PRODUCT_BUNDLE_IDENTIFIER = com.brennap.Cookcademy;
				PRODUCT_NAME = "$(TARGET_NAME)";
				SWIFT_EMIT_LOC_STRINGS = YES;
				SWIFT_VERSION = 5.0;
				TARGETED_DEVICE_FAMILY = "1,2";
			};
			name = Debug;
		};
		0EB7D68B2B690D5A00E98911 /* Release */ = {
			isa = XCBuildConfiguration;
			buildSettings = {
				ASSETCATALOG_COMPILER_APPICON_NAME = AppIcon;
				ASSETCATALOG_COMPILER_GLOBAL_ACCENT_COLOR_NAME = AccentColor;
				CODE_SIGN_STYLE = Automatic;
				CURRENT_PROJECT_VERSION = 1;
				DEVELOPMENT_ASSET_PATHS = "\"Cookcademy/Preview Content\"";
				DEVELOPMENT_TEAM = FQ9KN85Q5F;
				ENABLE_PREVIEWS = YES;
				GENERATE_INFOPLIST_FILE = YES;
				INFOPLIST_KEY_UIApplicationSceneManifest_Generation = YES;
				INFOPLIST_KEY_UIApplicationSupportsIndirectInputEvents = YES;
				INFOPLIST_KEY_UILaunchScreen_Generation = YES;
				INFOPLIST_KEY_UISupportedInterfaceOrientations_iPad = "UIInterfaceOrientationPortrait UIInterfaceOrientationPortraitUpsideDown UIInterfaceOrientationLandscapeLeft UIInterfaceOrientationLandscapeRight";
				INFOPLIST_KEY_UISupportedInterfaceOrientations_iPhone = "UIInterfaceOrientationPortrait UIInterfaceOrientationLandscapeLeft UIInterfaceOrientationLandscapeRight";
				IPHONEOS_DEPLOYMENT_TARGET = 16.0;
				LD_RUNPATH_SEARCH_PATHS = (
					"$(inherited)",
					"@executable_path/Frameworks",
				);
				MARKETING_VERSION = 1.0;
				PRODUCT_BUNDLE_IDENTIFIER = com.brennap.Cookcademy;
				PRODUCT_NAME = "$(TARGET_NAME)";
				SWIFT_EMIT_LOC_STRINGS = YES;
				SWIFT_VERSION = 5.0;
				TARGETED_DEVICE_FAMILY = "1,2";
			};
			name = Release;
		};
/* End XCBuildConfiguration section */

/* Begin XCConfigurationList section */
		0EB7D6762B690D5800E98911 /* Build configuration list for PBXProject "Cookcademy" */ = {
			isa = XCConfigurationList;
			buildConfigurations = (
				0EB7D6872B690D5A00E98911 /* Debug */,
				0EB7D6882B690D5A00E98911 /* Release */,
			);
			defaultConfigurationIsVisible = 0;
			defaultConfigurationName = Release;
		};
		0EB7D6892B690D5A00E98911 /* Build configuration list for PBXNativeTarget "Cookcademy" */ = {
			isa = XCConfigurationList;
			buildConfigurations = (
				0EB7D68A2B690D5A00E98911 /* Debug */,
				0EB7D68B2B690D5A00E98911 /* Release */,
			);
			defaultConfigurationIsVisible = 0;
			defaultConfigurationName = Release;
		};
/* End XCConfigurationList section */
	};
	rootObject = 0EB7D6732B690D5800E98911 /* Project object */;
}
